
Microsoft Visual Studio Solution File, Format Version 12.00
# Visual Studio 14
VisualStudioVersion = 14.0.25420.1
MinimumVisualStudioVersion = 10.0.40219.1
Project("{FAE04EC0-301F-11D3-BF4B-00C04F79EFBC}") = "DZ_77_and_121", "DZ_77_and_121\DZ_77_and_121.csproj", "{4894C460-B81B-4853-9EEB-701DEBC57C86}"
EndProject
Global
	GlobalSection(SolutionConfigurationPlatforms) = preSolution
		Debug|Any CPU = Debug|Any CPU
		Release|Any CPU = Release|Any CPU
	EndGlobalSection
	GlobalSection(ProjectConfigurationPlatforms) = postSolution
		{4894C460-B81B-4853-9EEB-701DEBC57C86}.Debug|Any CPU.ActiveCfg = Debug|Any CPU
		{4894C460-B81B-4853-9EEB-701DEBC57C86}.Debug|Any CPU.Build.0 = Debug|Any CPU
		{4894C460-B81B-4853-9EEB-701DEBC57C86}.Release|Any CPU.ActiveCfg = Release|Any CPU
		{4894C460-B81B-4853-9EEB-701DEBC57C86}.Release|Any CPU.Build.0 = Release|Any CPU
	EndGlobalSection
	GlobalSection(SolutionProperties) = preSolution
		HideSolutionNode = FALSE
	EndGlobalSection
EndGlobal
